
Microsoft Visual Studio Solution File, Format Version 12.00
# Visual Studio Version 16
VisualStudioVersion = 16.0.31702.278
MinimumVisualStudioVersion = 10.0.40219.1
Project("{FAE04EC0-301F-11D3-BF4B-00C04F79EFBC}") = "lekcija8", "lekcija8\lekcija8.csproj", "{8208EC7C-9DDC-4FB3-A6A8-BF80AA5D198D}"
EndProject
Global
	GlobalSection(SolutionConfigurationPlatforms) = preSolution
		Debug|Any CPU = Debug|Any CPU
		Release|Any CPU = Release|Any CPU
	EndGlobalSection
	GlobalSection(ProjectConfigurationPlatforms) = postSolution
		{8208EC7C-9DDC-4FB3-A6A8-BF80AA5D198D}.Debug|Any CPU.ActiveCfg = Debug|Any CPU
		{8208EC7C-9DDC-4FB3-A6A8-BF80AA5D198D}.Debug|Any CPU.Build.0 = Debug|Any CPU
		{8208EC7C-9DDC-4FB3-A6A8-BF80AA5D198D}.Release|Any CPU.ActiveCfg = Release|Any CPU
		{8208EC7C-9DDC-4FB3-A6A8-BF80AA5D198D}.Release|Any CPU.Build.0 = Release|Any CPU
	EndGlobalSection
	GlobalSection(SolutionProperties) = preSolution
		HideSolutionNode = FALSE
	EndGlobalSection
	GlobalSection(ExtensibilityGlobals) = postSolution
		SolutionGuid = {83DB12E3-F386-4E29-B6BB-05DB7F16F8DF}
	EndGlobalSection
EndGlobal
